
Microsoft Visual Studio Solution File, Format Version 12.00
# Visual Studio Version 17
VisualStudioVersion = 17.0.31903.59
MinimumVisualStudioVersion = 10.0.40219.1
Project("{FAE04EC0-301F-11D3-BF4B-00C04F79EFBC}") = "Teocuitla.Shared", "Teocuitla.Shared\Teocuitla.Shared.csproj", "{27A64E95-FF5C-4790-84E1-AE77802F47B5}"
EndProject
Project("{FAE04EC0-301F-11D3-BF4B-00C04F79EFBC}") = "Teocuitla.Web", "Teocuitla.Web\Teocuitla.Web.csproj", "{B86EF480-1996-4CF5-91F1-1693BAF2741B}"
EndProject
Project("{FAE04EC0-301F-11D3-BF4B-00C04F79EFBC}") = "Teocuitla.Worker", "Teocuitla.Worker\Teocuitla.Worker.csproj", "{B744E8CB-BFA4-4D70-9F0E-F9974B9F384C}"
EndProject
Project("{FAE04EC0-301F-11D3-BF4B-00C04F79EFBC}") = "Teocuitla.Tests", "Teocuitla.Tests\Teocuitla.Tests.csproj", "{9378F0DD-3B5C-44DF-8953-9A3500CC8C0C}"
EndProject
Project("{2150E333-8FDC-42A3-9474-1A3956D46DE8}") = "Teocuitla.ChromeExtension", "Teocuitla.ChromeExtension", "{F14515B3-750E-4C2E-8FA3-8EA181A6F27B}"
	ProjectSection(SolutionItems) = preProject
		Teocuitla.ChromeExtension\manifest.json = Teocuitla.ChromeExtension\manifest.json
		Teocuitla.ChromeExtension\content.js = Teocuitla.ChromeExtension\content.js
		Teocuitla.ChromeExtension\background.js = Teocuitla.ChromeExtension\background.js
		Teocuitla.ChromeExtension\popup.html = Teocuitla.ChromeExtension\popup.html
		Teocuitla.ChromeExtension\popup.js = Teocuitla.ChromeExtension\popup.js
		Teocuitla.ChromeExtension\icon.png = Teocuitla.ChromeExtension\icon.png
	EndProjectSection
EndProject
Global
	GlobalSection(SolutionConfigurationPlatforms) = preSolution
		Debug|Any CPU = Debug|Any CPU
		Debug|x64 = Debug|x64
		Debug|x86 = Debug|x86
		Release|Any CPU = Release|Any CPU
		Release|x64 = Release|x64
		Release|x86 = Release|x86
	EndGlobalSection
	GlobalSection(ProjectConfigurationPlatforms) = postSolution
		{27A64E95-FF5C-4790-84E1-AE77802F47B5}.Debug|Any CPU.ActiveCfg = Debug|Any CPU
		{27A64E95-FF5C-4790-84E1-AE77802F47B5}.Debug|Any CPU.Build.0 = Debug|Any CPU
		{27A64E95-FF5C-4790-84E1-AE77802F47B5}.Debug|x64.ActiveCfg = Debug|Any CPU
		{27A64E95-FF5C-4790-84E1-AE77802F47B5}.Debug|x64.Build.0 = Debug|Any CPU
		{27A64E95-FF5C-4790-84E1-AE77802F47B5}.Debug|x86.ActiveCfg = Debug|Any CPU
		{27A64E95-FF5C-4790-84E1-AE77802F47B5}.Debug|x86.Build.0 = Debug|Any CPU
		{27A64E95-FF5C-4790-84E1-AE77802F47B5}.Release|Any CPU.ActiveCfg = Release|Any CPU
		{27A64E95-FF5C-4790-84E1-AE77802F47B5}.Release|Any CPU.Build.0 = Release|Any CPU
		{27A64E95-FF5C-4790-84E1-AE77802F47B5}.Release|x64.ActiveCfg = Release|Any CPU
		{27A64E95-FF5C-4790-84E1-AE77802F47B5}.Release|x64.Build.0 = Release|Any CPU
		{27A64E95-FF5C-4790-84E1-AE77802F47B5}.Release|x86.ActiveCfg = Release|Any CPU
		{27A64E95-FF5C-4790-84E1-AE77802F47B5}.Release|x86.Build.0 = Release|Any CPU
		{B86EF480-1996-4CF5-91F1-1693BAF2741B}.Debug|Any CPU.ActiveCfg = Debug|Any CPU
		{B86EF480-1996-4CF5-91F1-1693BAF2741B}.Debug|Any CPU.Build.0 = Debug|Any CPU
		{B86EF480-1996-4CF5-91F1-1693BAF2741B}.Debug|x64.ActiveCfg = Debug|Any CPU
		{B86EF480-1996-4CF5-91F1-1693BAF2741B}.Debug|x64.Build.0 = Debug|Any CPU
		{B86EF480-1996-4CF5-91F1-1693BAF2741B}.Debug|x86.ActiveCfg = Debug|Any CPU
		{B86EF480-1996-4CF5-91F1-1693BAF2741B}.Debug|x86.Build.0 = Debug|Any CPU
		{B86EF480-1996-4CF5-91F1-1693BAF2741B}.Release|Any CPU.ActiveCfg = Release|Any CPU
		{B86EF480-1996-4CF5-91F1-1693BAF2741B}.Release|Any CPU.Build.0 = Release|Any CPU
		{B86EF480-1996-4CF5-91F1-1693BAF2741B}.Release|x64.ActiveCfg = Release|Any CPU
		{B86EF480-1996-4CF5-91F1-1693BAF2741B}.Release|x64.Build.0 = Release|Any CPU
		{B86EF480-1996-4CF5-91F1-1693BAF2741B}.Release|x86.ActiveCfg = Release|Any CPU
		{B86EF480-1996-4CF5-91F1-1693BAF2741B}.Release|x86.Build.0 = Release|Any CPU
		{B744E8CB-BFA4-4D70-9F0E-F9974B9F384C}.Debug|Any CPU.ActiveCfg = Debug|Any CPU
		{B744E8CB-BFA4-4D70-9F0E-F9974B9F384C}.Debug|Any CPU.Build.0 = Debug|Any CPU
		{B744E8CB-BFA4-4D70-9F0E-F9974B9F384C}.Debug|x64.ActiveCfg = Debug|Any CPU
		{B744E8CB-BFA4-4D70-9F0E-F9974B9F384C}.Debug|x64.Build.0 = Debug|Any CPU
		{B744E8CB-BFA4-4D70-9F0E-F9974B9F384C}.Debug|x86.ActiveCfg = Debug|Any CPU
		{B744E8CB-BFA4-4D70-9F0E-F9974B9F384C}.Debug|x86.Build.0 = Debug|Any CPU
		{B744E8CB-BFA4-4D70-9F0E-F9974B9F384C}.Release|Any CPU.ActiveCfg = Release|Any CPU
		{B744E8CB-BFA4-4D70-9F0E-F9974B9F384C}.Release|Any CPU.Build.0 = Release|Any CPU
		{B744E8CB-BFA4-4D70-9F0E-F9974B9F384C}.Release|x64.ActiveCfg = Release|Any CPU
		{B744E8CB-BFA4-4D70-9F0E-F9974B9F384C}.Release|x64.Build.0 = Release|Any CPU
		{B744E8CB-BFA4-4D70-9F0E-F9974B9F384C}.Release|x86.ActiveCfg = Release|Any CPU
		{B744E8CB-BFA4-4D70-9F0E-F9974B9F384C}.Release|x86.Build.0 = Release|Any CPU
		{9378F0DD-3B5C-44DF-8953-9A3500CC8C0C}.Debug|Any CPU.ActiveCfg = Debug|Any CPU
		{9378F0DD-3B5C-44DF-8953-9A3500CC8C0C}.Debug|Any CPU.Build.0 = Debug|Any CPU
		{9378F0DD-3B5C-44DF-8953-9A3500CC8C0C}.Debug|x64.ActiveCfg = Debug|Any CPU
		{9378F0DD-3B5C-44DF-8953-9A3500CC8C0C}.Debug|x64.Build.0 = Debug|Any CPU
		{9378F0DD-3B5C-44DF-8953-9A3500CC8C0C}.Debug|x86.ActiveCfg = Debug|Any CPU
		{9378F0DD-3B5C-44DF-8953-9A3500CC8C0C}.Debug|x86.Build.0 = Debug|Any CPU
		{9378F0DD-3B5C-44DF-8953-9A3500CC8C0C}.Release|Any CPU.ActiveCfg = Release|Any CPU
		{9378F0DD-3B5C-44DF-8953-9A3500CC8C0C}.Release|Any CPU.Build.0 = Release|Any CPU
		{9378F0DD-3B5C-44DF-8953-9A3500CC8C0C}.Release|x64.ActiveCfg = Release|Any CPU
		{9378F0DD-3B5C-44DF-8953-9A3500CC8C0C}.Release|x64.Build.0 = Release|Any CPU
		{9378F0DD-3B5C-44DF-8953-9A3500CC8C0C}.Release|x86.ActiveCfg = Release|Any CPU
		{9378F0DD-3B5C-44DF-8953-9A3500CC8C0C}.Release|x86.Build.0 = Release|Any CPU
	EndGlobalSection
	GlobalSection(SolutionProperties) = preSolution
		HideSolutionNode = FALSE
	EndGlobalSection
EndGlobal
